// !$*UTF8*$!
{ archiveVersion = 1; classes = {}; objectVersion = 56; objects = {
000000000000000000000011 = { isa = PBXFileReference; lastKnownFileType = sourcecode.swift; path = AppDelegate.swift; sourceTree = "<group>"; };
000000000000000000000012 = { isa = PBXFileReference; lastKnownFileType = sourcecode.swift; path = GameViewController.swift; sourceTree = "<group>"; };
000000000000000000000013 = { isa = PBXFileReference; lastKnownFileType = text.plist.xml; path = Info.plist; sourceTree = "<group>"; };
000000000000000000000014 = { isa = PBXFileReference; lastKnownFileType = text.xml; path = PrivacyInfo.xcprivacy; sourceTree = "<group>"; };
000000000000000000000015 = { isa = PBXFileReference; lastKnownFileType = folder.assetcatalog; path = Assets.xcassets; sourceTree = "<group>"; };
000000000000000000000016 = { isa = PBXBuildFile; fileRef = 000000000000000000000011; };
000000000000000000000017 = { isa = PBXBuildFile; fileRef = 000000000000000000000012; };
000000000000000000000018 = { isa = PBXBuildFile; fileRef = 000000000000000000000014; };
000000000000000000000019 = { isa = PBXBuildFile; fileRef = 000000000000000000000015; };
000000000000000000000006 = { isa = PBXFileReference; explicitFileType = wrapper.application; includeInIndex = 0; path = Babar.app; sourceTree = BUILT_PRODUCTS_DIR; };
000000000000000000000002 = { isa = PBXGroup; children = (000000000000000000000003,000000000000000000000004,); sourceTree = "<group>"; };
000000000000000000000003 = { isa = PBXGroup; children = (000000000000000000000011,000000000000000000000012,000000000000000000000013,000000000000000000000014,000000000000000000000015,); path = Babar; sourceTree = "<group>"; };
000000000000000000000004 = { isa = PBXGroup; children = (000000000000000000000006,); name = Products; sourceTree = "<group>"; };
000000000000000000000007 = { isa = PBXSourcesBuildPhase; buildActionMask = 2147483647; files = (000000000000000000000016,000000000000000000000017); runOnlyForDeploymentPostprocessing = 0; };
000000000000000000000008 = { isa = PBXResourcesBuildPhase; buildActionMask = 2147483647; files = (000000000000000000000018,000000000000000000000019); runOnlyForDeploymentPostprocessing = 0; };
000000000000000000000009 = { isa = PBXFrameworksBuildPhase; buildActionMask = 2147483647; files = (); runOnlyForDeploymentPostprocessing = 0; };
00000000000000000000000A = { isa = PBXShellScriptBuildPhase; alwaysOutOfDate = 1; buildActionMask = 2147483647; files = (); inputPaths = (); outputPaths = (); name = "Bundle offline game"; shellPath = /bin/sh; shellScript = "set -eu\nmkdir -p \"$TARGET_BUILD_DIR/$UNLOCALIZED_RESOURCES_FOLDER_PATH/Client\"\n/usr/bin/rsync -a --delete --exclude=\".DS_Store\" \"$SRCROOT/../dist/\" \"$TARGET_BUILD_DIR/$UNLOCALIZED_RESOURCES_FOLDER_PATH/Client/\"\ncp \"$SRCROOT/Babar/native-privacy.html\" \"$TARGET_BUILD_DIR/$UNLOCALIZED_RESOURCES_FOLDER_PATH/Client/native-privacy.html\"\n"; runOnlyForDeploymentPostprocessing = 0; };
00000000000000000000000D = { isa = XCBuildConfiguration; buildSettings = { CLANG_ENABLE_MODULES = YES; SDKROOT = iphoneos; IPHONEOS_DEPLOYMENT_TARGET = 17.0; SWIFT_VERSION = 5.0; }; name = Debug; };
00000000000000000000000E = { isa = XCBuildConfiguration; buildSettings = { CLANG_ENABLE_MODULES = YES; SDKROOT = iphoneos; IPHONEOS_DEPLOYMENT_TARGET = 17.0; SWIFT_VERSION = 5.0; }; name = Release; };
00000000000000000000000F = { isa = XCBuildConfiguration; buildSettings = { ASSETCATALOG_COMPILER_APPICON_NAME = AppIcon; CODE_SIGN_STYLE = Automatic; CURRENT_PROJECT_VERSION = 2; GENERATE_INFOPLIST_FILE = NO; INFOPLIST_FILE = Babar/Info.plist; MARKETING_VERSION = 1.0; PRODUCT_BUNDLE_IDENTIFIER = com.therealjameswilson.babar; PRODUCT_NAME = Babar; TARGETED_DEVICE_FAMILY = 1; SUPPORTS_MACCATALYST = NO; SUPPORTS_MAC_DESIGNED_FOR_IPHONE_IPAD = NO; ENABLE_USER_SCRIPT_SANDBOXING = NO; LD_RUNPATH_SEARCH_PATHS = "$(inherited) @executable_path/Frameworks"; SWIFT_OPTIMIZATION_LEVEL = "-Onone"; }; name = Debug; };
000000000000000000000010 = { isa = XCBuildConfiguration; buildSettings = { ASSETCATALOG_COMPILER_APPICON_NAME = AppIcon; CODE_SIGN_STYLE = Automatic; CURRENT_PROJECT_VERSION = 2; GENERATE_INFOPLIST_FILE = NO; INFOPLIST_FILE = Babar/Info.plist; MARKETING_VERSION = 1.0; PRODUCT_BUNDLE_IDENTIFIER = com.therealjameswilson.babar; PRODUCT_NAME = Babar; TARGETED_DEVICE_FAMILY = 1; SUPPORTS_MACCATALYST = NO; SUPPORTS_MAC_DESIGNED_FOR_IPHONE_IPAD = NO; ENABLE_USER_SCRIPT_SANDBOXING = NO; LD_RUNPATH_SEARCH_PATHS = "$(inherited) @executable_path/Frameworks"; SWIFT_OPTIMIZATION_LEVEL = "-O"; }; name = Release; };
00000000000000000000000B = { isa = XCConfigurationList; buildConfigurations = (00000000000000000000000D,00000000000000000000000E,); defaultConfigurationIsVisible = 0; defaultConfigurationName = Release; };
00000000000000000000000C = { isa = XCConfigurationList; buildConfigurations = (00000000000000000000000F,000000000000000000000010,); defaultConfigurationIsVisible = 0; defaultConfigurationName = Release; };
000000000000000000000005 = { isa = PBXNativeTarget; buildConfigurationList = 00000000000000000000000C; buildPhases = (000000000000000000000007,000000000000000000000009,000000000000000000000008,00000000000000000000000A,); buildRules = (); dependencies = (); name = Babar; productName = Babar; productReference = 000000000000000000000006; productType = "com.apple.product-type.application"; };
000000000000000000000001 = { isa = PBXProject; attributes = { LastUpgradeCheck = 2700; }; buildConfigurationList = 00000000000000000000000B; compatibilityVersion = "Xcode 14.0"; developmentRegion = en; hasScannedForEncodings = 0; knownRegions = (en,Base,); mainGroup = 000000000000000000000002; productRefGroup = 000000000000000000000004; projectDirPath = ""; projectRoot = ""; targets = (000000000000000000000005,); };
}; rootObject = 000000000000000000000001; }
